
Microsoft Visual Studio Solution File, Format Version 12.00
# Visual Studio Version 17
VisualStudioVersion = 17.13.35913.81 d17.13
MinimumVisualStudioVersion = 10.0.40219.1
Project("{FAE04EC0-301F-11D3-BF4B-00C04F79EFBC}") = "WeatherMeasureAndForecast", "WeatherMeasureAndForecast.csproj", "{51FE71BA-D1A8-403F-810A-63596B91BCB4}"
EndProject
Global
	GlobalSection(SolutionConfigurationPlatforms) = preSolution
		Debug|Any CPU = Debug|Any CPU
		Release|Any CPU = Release|Any CPU
	EndGlobalSection
	GlobalSection(ProjectConfigurationPlatforms) = postSolution
		{51FE71BA-D1A8-403F-810A-63596B91BCB4}.Debug|Any CPU.ActiveCfg = Debug|Any CPU
		{51FE71BA-D1A8-403F-810A-63596B91BCB4}.Debug|Any CPU.Build.0 = Debug|Any CPU
		{51FE71BA-D1A8-403F-810A-63596B91BCB4}.Release|Any CPU.ActiveCfg = Release|Any CPU
		{51FE71BA-D1A8-403F-810A-63596B91BCB4}.Release|Any CPU.Build.0 = Release|Any CPU
	EndGlobalSection
	GlobalSection(SolutionProperties) = preSolution
		HideSolutionNode = FALSE
	EndGlobalSection
	GlobalSection(ExtensibilityGlobals) = postSolution
		SolutionGuid = {5D1870A3-6E1D-4812-A0D6-7FFDDD189BF0}
	EndGlobalSection
EndGlobal
